// !$*UTF8*$!
{
	archiveVersion = 1;
	classes = {
	};
	objectVersion = 70;
	objects = {

/* Begin PBXBuildFile section */
		B0384E832CE2D19A00FC72F7 /* FirebaseAnalytics in Frameworks */ = {isa = PBXBuildFile; productRef = B0384E822CE2D19A00FC72F7 /* FirebaseAnalytics */; };
		B0384E852CE2D19A00FC72F7 /* FirebaseAnalyticsOnDeviceConversion in Frameworks */ = {isa = PBXBuildFile; productRef = B0384E842CE2D19A00FC72F7 /* FirebaseAnalyticsOnDeviceConversion */; };
		B0384E872CE2D19A00FC72F7 /* FirebaseAnalyticsWithoutAdIdSupport in Frameworks */ = {isa = PBXBuildFile; productRef = B0384E862CE2D19A00FC72F7 /* FirebaseAnalyticsWithoutAdIdSupport */; };
		B0384E892CE2D19A00FC72F7 /* FirebaseAppCheck in Frameworks */ = {isa = PBXBuildFile; productRef = B0384E882CE2D19A00FC72F7 /* FirebaseAppCheck */; };
		B0384E8B2CE2D19A00FC72F7 /* FirebaseAppDistribution-Beta in Frameworks */ = {isa = PBXBuildFile; productRef = B0384E8A2CE2D19A00FC72F7 /* FirebaseAppDistribution-Beta */; };
		B0384E8F2CE2D54200FC72F7 /* FirebaseAuth in Frameworks */ = {isa = PBXBuildFile; productRef = B0384E8E2CE2D54200FC72F7 /* FirebaseAuth */; };
		B03AE5C02D54785B00B986B1 /* MapboxSearch in Frameworks */ = {isa = PBXBuildFile; productRef = B03AE5BF2D54785B00B986B1 /* MapboxSearch */; };
		B03AE5C22D54785B00B986B1 /* MapboxSearchUI in Frameworks */ = {isa = PBXBuildFile; productRef = B03AE5C12D54785B00B986B1 /* MapboxSearchUI */; };
		B03AE5C52D5478A000B986B1 /* MapboxMaps in Frameworks */ = {isa = PBXBuildFile; productRef = B03AE5C42D5478A000B986B1 /* MapboxMaps */; };
		B054DC612C42F5DA00C98088 /* locApp.swift in Sources */ = {isa = PBXBuildFile; fileRef = B054DC602C42F5DA00C98088 /* locApp.swift */; };
		B054DC652C42F5DB00C98088 /* Assets.xcassets in Resources */ = {isa = PBXBuildFile; fileRef = B054DC642C42F5DB00C98088 /* Assets.xcassets */; };
		B054DC682C42F5DB00C98088 /* Preview Assets.xcassets in Resources */ = {isa = PBXBuildFile; fileRef = B054DC672C42F5DB00C98088 /* Preview Assets.xcassets */; };
		B054DC722C42F5DB00C98088 /* locTests.swift in Sources */ = {isa = PBXBuildFile; fileRef = B054DC712C42F5DB00C98088 /* locTests.swift */; };
		B054DC7C2C42F5DB00C98088 /* locUITests.swift in Sources */ = {isa = PBXBuildFile; fileRef = B054DC7B2C42F5DB00C98088 /* locUITests.swift */; };
		B054DC7E2C42F5DB00C98088 /* locUITestsLaunchTests.swift in Sources */ = {isa = PBXBuildFile; fileRef = B054DC7D2C42F5DB00C98088 /* locUITestsLaunchTests.swift */; };
		B054DC902C4301FB00C98088 /* GoogleMaps in Frameworks */ = {isa = PBXBuildFile; productRef = B054DC8F2C4301FB00C98088 /* GoogleMaps */; };
		B061F1DE2C5815FA00042CB0 /* GooglePlaces in Frameworks */ = {isa = PBXBuildFile; productRef = B061F1DD2C5815FA00042CB0 /* GooglePlaces */; };
		B0821C682C641B9100BA126E /* CoreLocationUI.framework in Frameworks */ = {isa = PBXBuildFile; fileRef = B0821C672C641B9100BA126E /* CoreLocationUI.framework */; settings = {ATTRIBUTES = (Required, ); }; };
		B0A819152CEA5F2A0041416F /* GoogleService-Info.plist in Resources */ = {isa = PBXBuildFile; fileRef = B0A819142CEA5F2A0041416F /* GoogleService-Info.plist */; };
		B0A819182CEA5F970041416F /* GoogleSignIn in Frameworks */ = {isa = PBXBuildFile; productRef = B0A819172CEA5F970041416F /* GoogleSignIn */; };
		B0A8191A2CEA5F970041416F /* GoogleSignInSwift in Frameworks */ = {isa = PBXBuildFile; productRef = B0A819192CEA5F970041416F /* GoogleSignInSwift */; };
		B0E659862D37436000F8527E /* FirebaseStorage in Frameworks */ = {isa = PBXBuildFile; productRef = B0E659852D37436000F8527E /* FirebaseStorage */; };
		B0EDE3F02CF7980100F33939 /* FirebaseFirestore in Frameworks */ = {isa = PBXBuildFile; productRef = B0EDE3EF2CF7980100F33939 /* FirebaseFirestore */; };
		B0EDE3F22CF7985900F33939 /* FirebaseFirestore in Frameworks */ = {isa = PBXBuildFile; productRef = B0EDE3F12CF7985900F33939 /* FirebaseFirestore */; };
/* End PBXBuildFile section */

/* Begin PBXContainerItemProxy section */
		B054DC6E2C42F5DB00C98088 /* PBXContainerItemProxy */ = {
			isa = PBXContainerItemProxy;
			containerPortal = B054DC552C42F5DA00C98088 /* Project object */;
			proxyType = 1;
			remoteGlobalIDString = B054DC5C2C42F5DA00C98088;
			remoteInfo = loc;
		};
		B054DC782C42F5DB00C98088 /* PBXContainerItemProxy */ = {
			isa = PBXContainerItemProxy;
			containerPortal = B054DC552C42F5DA00C98088 /* Project object */;
			proxyType = 1;
			remoteGlobalIDString = B054DC5C2C42F5DA00C98088;
			remoteInfo = loc;
		};
/* End PBXContainerItemProxy section */

/* Begin PBXFileReference section */
		B021AF4B2CED816500642586 /* loc copy-Info.plist */ = {isa = PBXFileReference; lastKnownFileType = text.plist.xml; name = "loc copy-Info.plist"; path = "/Users/drewhartsfield/Desktop/loc/loc copy-Info.plist"; sourceTree = "<absolute>"; };
		B054DC5D2C42F5DA00C98088 /* loc.app */ = {isa = PBXFileReference; explicitFileType = wrapper.application; includeInIndex = 0; path = loc.app; sourceTree = BUILT_PRODUCTS_DIR; };
		B054DC602C42F5DA00C98088 /* locApp.swift */ = {isa = PBXFileReference; lastKnownFileType = sourcecode.swift; path = locApp.swift; sourceTree = "<group>"; };
		B054DC642C42F5DB00C98088 /* Assets.xcassets */ = {isa = PBXFileReference; lastKnownFileType = folder.assetcatalog; path = Assets.xcassets; sourceTree = "<group>"; };
		B054DC672C42F5DB00C98088 /* Preview Assets.xcassets */ = {isa = PBXFileReference; lastKnownFileType = folder.assetcatalog; path = "Preview Assets.xcassets"; sourceTree = "<group>"; };
		B054DC6D2C42F5DB00C98088 /* locTests.xctest */ = {isa = PBXFileReference; explicitFileType = wrapper.cfbundle; includeInIndex = 0; path = locTests.xctest; sourceTree = BUILT_PRODUCTS_DIR; };
		B054DC712C42F5DB00C98088 /* locTests.swift */ = {isa = PBXFileReference; lastKnownFileType = sourcecode.swift; path = locTests.swift; sourceTree = "<group>"; };
		B054DC772C42F5DB00C98088 /* locUITests.xctest */ = {isa = PBXFileReference; explicitFileType = wrapper.cfbundle; includeInIndex = 0; path = locUITests.xctest; sourceTree = BUILT_PRODUCTS_DIR; };
		B054DC7B2C42F5DB00C98088 /* locUITests.swift */ = {isa = PBXFileReference; lastKnownFileType = sourcecode.swift; path = locUITests.swift; sourceTree = "<group>"; };
		B054DC7D2C42F5DB00C98088 /* locUITestsLaunchTests.swift */ = {isa = PBXFileReference; lastKnownFileType = sourcecode.swift; path = locUITestsLaunchTests.swift; sourceTree = "<group>"; };
		B061F1E22C581A3A00042CB0 /* Info.plist */ = {isa = PBXFileReference; lastKnownFileType = text.plist; path = Info.plist; sourceTree = "<group>"; };
		B0821C672C641B9100BA126E /* CoreLocationUI.framework */ = {isa = PBXFileReference; lastKnownFileType = wrapper.framework; name = CoreLocationUI.framework; path = System/Library/Frameworks/CoreLocationUI.framework; sourceTree = SDKROOT; };
		B0A819142CEA5F2A0041416F /* GoogleService-Info.plist */ = {isa = PBXFileReference; lastKnownFileType = text.plist.xml; path = "GoogleService-Info.plist"; sourceTree = "<group>"; };
/* End PBXFileReference section */

/* Begin PBXFileSystemSynchronizedRootGroup section */
		B00311FA2CDACD4B002AE03B /* Models */ = {isa = PBXFileSystemSynchronizedRootGroup; explicitFileTypes = {}; explicitFolders = (); path = Models; sourceTree = "<group>"; };
		B00311FB2CDACD59002AE03B /* ViewModels */ = {isa = PBXFileSystemSynchronizedRootGroup; explicitFileTypes = {}; explicitFolders = (); path = ViewModels; sourceTree = "<group>"; };
		B00311FD2CDACD81002AE03B /* Views */ = {isa = PBXFileSystemSynchronizedRootGroup; explicitFileTypes = {}; explicitFolders = (); path = Views; sourceTree = "<group>"; };
		B00311FE2CDACD8B002AE03B /* Services */ = {isa = PBXFileSystemSynchronizedRootGroup; explicitFileTypes = {}; explicitFolders = (); path = Services; sourceTree = "<group>"; };
		B00311FF2CDACE01002AE03B /* Managers */ = {isa = PBXFileSystemSynchronizedRootGroup; explicitFileTypes = {}; explicitFolders = (); path = Managers; sourceTree = "<group>"; };
		B0E659872D39D54300F8527E /* Extensions */ = {isa = PBXFileSystemSynchronizedRootGroup; explicitFileTypes = {}; explicitFolders = (); path = Extensions; sourceTree = "<group>"; };
		B0EBD65F2D921E0D00E846D8 /* Migrations */ = {isa = PBXFileSystemSynchronizedRootGroup; explicitFileTypes = {}; explicitFolders = (); path = Migrations; sourceTree = "<group>"; };
/* End PBXFileSystemSynchronizedRootGroup section */

/* Begin PBXFrameworksBuildPhase section */
		B054DC5A2C42F5DA00C98088 /* Frameworks */ = {
			isa = PBXFrameworksBuildPhase;
			buildActionMask = 2147483647;
			files = (
				B03AE5C02D54785B00B986B1 /* MapboxSearch in Frameworks */,
				B0821C682C641B9100BA126E /* CoreLocationUI.framework in Frameworks */,
				B0EDE3F22CF7985900F33939 /* FirebaseFirestore in Frameworks */,
				B03AE5C52D5478A000B986B1 /* MapboxMaps in Frameworks */,
				B0384E872CE2D19A00FC72F7 /* FirebaseAnalyticsWithoutAdIdSupport in Frameworks */,
				B054DC902C4301FB00C98088 /* GoogleMaps in Frameworks */,
				B0384E852CE2D19A00FC72F7 /* FirebaseAnalyticsOnDeviceConversion in Frameworks */,
				B0384E8F2CE2D54200FC72F7 /* FirebaseAuth in Frameworks */,
				B0EDE3F02CF7980100F33939 /* FirebaseFirestore in Frameworks */,
				B0A819182CEA5F970041416F /* GoogleSignIn in Frameworks */,
				B03AE5C22D54785B00B986B1 /* MapboxSearchUI in Frameworks */,
				B0384E892CE2D19A00FC72F7 /* FirebaseAppCheck in Frameworks */,
				B0384E832CE2D19A00FC72F7 /* FirebaseAnalytics in Frameworks */,
				B061F1DE2C5815FA00042CB0 /* GooglePlaces in Frameworks */,
				B0E659862D37436000F8527E /* FirebaseStorage in Frameworks */,
				B0384E8B2CE2D19A00FC72F7 /* FirebaseAppDistribution-Beta in Frameworks */,
				B0A8191A2CEA5F970041416F /* GoogleSignInSwift in Frameworks */,
			);
			runOnlyForDeploymentPostprocessing = 0;
		};
		B054DC6A2C42F5DB00C98088 /* Frameworks */ = {
			isa = PBXFrameworksBuildPhase;
			buildActionMask = 2147483647;
			files = (
			);
			runOnlyForDeploymentPostprocessing = 0;
		};
		B054DC742C42F5DB00C98088 /* Frameworks */ = {
			isa = PBXFrameworksBuildPhase;
			buildActionMask = 2147483647;
			files = (
			);
			runOnlyForDeploymentPostprocessing = 0;
		};
/* End PBXFrameworksBuildPhase section */

/* Begin PBXGroup section */
		B054DC542C42F5DA00C98088 = {
			isa = PBXGroup;
			children = (
				B054DC5F2C42F5DA00C98088 /* loc */,
				B054DC702C42F5DB00C98088 /* locTests */,
				B054DC7A2C42F5DB00C98088 /* locUITests */,
				B054DC5E2C42F5DA00C98088 /* Products */,
				B0821C662C641B9100BA126E /* Frameworks */,
				B021AF4B2CED816500642586 /* loc copy-Info.plist */,
			);
			sourceTree = "<group>";
			usesTabs = 0;
		};
		B054DC5E2C42F5DA00C98088 /* Products */ = {
			isa = PBXGroup;
			children = (
				B054DC5D2C42F5DA00C98088 /* loc.app */,
				B054DC6D2C42F5DB00C98088 /* locTests.xctest */,
				B054DC772C42F5DB00C98088 /* locUITests.xctest */,
			);
			name = Products;
			sourceTree = "<group>";
		};
		B054DC5F2C42F5DA00C98088 /* loc */ = {
			isa = PBXGroup;
			children = (
				B0EBD65F2D921E0D00E846D8 /* Migrations */,
				B0E659872D39D54300F8527E /* Extensions */,
				B00311FF2CDACE01002AE03B /* Managers */,
				B00311FE2CDACD8B002AE03B /* Services */,
				B00311FD2CDACD81002AE03B /* Views */,
				B00311FB2CDACD59002AE03B /* ViewModels */,
				B00311FA2CDACD4B002AE03B /* Models */,
				B061F1E22C581A3A00042CB0 /* Info.plist */,
				B054DC602C42F5DA00C98088 /* locApp.swift */,
				B054DC642C42F5DB00C98088 /* Assets.xcassets */,
				B054DC662C42F5DB00C98088 /* Preview Content */,
				B0A819142CEA5F2A0041416F /* GoogleService-Info.plist */,
			);
			path = loc;
			sourceTree = "<group>";
		};
		B054DC662C42F5DB00C98088 /* Preview Content */ = {
			isa = PBXGroup;
			children = (
				B054DC672C42F5DB00C98088 /* Preview Assets.xcassets */,
			);
			path = "Preview Content";
			sourceTree = "<group>";
		};
		B054DC702C42F5DB00C98088 /* locTests */ = {
			isa = PBXGroup;
			children = (
				B054DC712C42F5DB00C98088 /* locTests.swift */,
			);
			path = locTests;
			sourceTree = "<group>";
		};
		B054DC7A2C42F5DB00C98088 /* locUITests */ = {
			isa = PBXGroup;
			children = (
				B054DC7B2C42F5DB00C98088 /* locUITests.swift */,
				B054DC7D2C42F5DB00C98088 /* locUITestsLaunchTests.swift */,
			);
			path = locUITests;
			sourceTree = "<group>";
		};
		B0821C662C641B9100BA126E /* Frameworks */ = {
			isa = PBXGroup;
			children = (
				B0821C672C641B9100BA126E /* CoreLocationUI.framework */,
			);
			name = Frameworks;
			sourceTree = "<group>";
		};
/* End PBXGroup section */

/* Begin PBXNativeTarget section */
		B054DC5C2C42F5DA00C98088 /* loc */ = {
			isa = PBXNativeTarget;
			buildConfigurationList = B054DC812C42F5DB00C98088 /* Build configuration list for PBXNativeTarget "loc" */;
			buildPhases = (
				B054DC592C42F5DA00C98088 /* Sources */,
				B054DC5A2C42F5DA00C98088 /* Frameworks */,
				B054DC5B2C42F5DA00C98088 /* Resources */,
			);
			buildRules = (
			);
			dependencies = (
			);
			fileSystemSynchronizedGroups = (
				B00311FA2CDACD4B002AE03B /* Models */,
				B00311FB2CDACD59002AE03B /* ViewModels */,
				B00311FD2CDACD81002AE03B /* Views */,
				B00311FE2CDACD8B002AE03B /* Services */,
				B00311FF2CDACE01002AE03B /* Managers */,
				B0E659872D39D54300F8527E /* Extensions */,
				B0EBD65F2D921E0D00E846D8 /* Migrations */,
			);
			name = loc;
			packageProductDependencies = (
				B054DC8F2C4301FB00C98088 /* GoogleMaps */,
				B061F1DD2C5815FA00042CB0 /* GooglePlaces */,
				B0384E822CE2D19A00FC72F7 /* FirebaseAnalytics */,
				B0384E842CE2D19A00FC72F7 /* FirebaseAnalyticsOnDeviceConversion */,
				B0384E862CE2D19A00FC72F7 /* FirebaseAnalyticsWithoutAdIdSupport */,
				B0384E882CE2D19A00FC72F7 /* FirebaseAppCheck */,
				B0384E8A2CE2D19A00FC72F7 /* FirebaseAppDistribution-Beta */,
				B0384E8E2CE2D54200FC72F7 /* FirebaseAuth */,
				B0A819172CEA5F970041416F /* GoogleSignIn */,
				B0A819192CEA5F970041416F /* GoogleSignInSwift */,
				B0EDE3EF2CF7980100F33939 /* FirebaseFirestore */,
				B0EDE3F12CF7985900F33939 /* FirebaseFirestore */,
				B0E659852D37436000F8527E /* FirebaseStorage */,
				B03AE5BF2D54785B00B986B1 /* MapboxSearch */,
				B03AE5C12D54785B00B986B1 /* MapboxSearchUI */,
				B03AE5C42D5478A000B986B1 /* MapboxMaps */,
			);
			productName = loc;
			productReference = B054DC5D2C42F5DA00C98088 /* loc.app */;
			productType = "com.apple.product-type.application";
		};
		B054DC6C2C42F5DB00C98088 /* locTests */ = {
			isa = PBXNativeTarget;
			buildConfigurationList = B054DC842C42F5DB00C98088 /* Build configuration list for PBXNativeTarget "locTests" */;
			buildPhases = (
				B054DC692C42F5DB00C98088 /* Sources */,
				B054DC6A2C42F5DB00C98088 /* Frameworks */,
				B054DC6B2C42F5DB00C98088 /* Resources */,
			);
			buildRules = (
			);
			dependencies = (
				B054DC6F2C42F5DB00C98088 /* PBXTargetDependency */,
			);
			name = locTests;
			productName = locTests;
			productReference = B054DC6D2C42F5DB00C98088 /* locTests.xctest */;
			productType = "com.apple.product-type.bundle.unit-test";
		};
		B054DC762C42F5DB00C98088 /* locUITests */ = {
			isa = PBXNativeTarget;
			buildConfigurationList = B054DC872C42F5DB00C98088 /* Build configuration list for PBXNativeTarget "locUITests" */;
			buildPhases = (
				B054DC732C42F5DB00C98088 /* Sources */,
				B054DC742C42F5DB00C98088 /* Frameworks */,
				B054DC752C42F5DB00C98088 /* Resources */,
			);
			buildRules = (
			);
			dependencies = (
				B054DC792C42F5DB00C98088 /* PBXTargetDependency */,
			);
			name = locUITests;
			productName = locUITests;
			productReference = B054DC772C42F5DB00C98088 /* locUITests.xctest */;
			productType = "com.apple.product-type.bundle.ui-testing";
		};
/* End PBXNativeTarget section */

/* Begin PBXProject section */
		B054DC552C42F5DA00C98088 /* Project object */ = {
			isa = PBXProject;
			attributes = {
				BuildIndependentTargetsInParallel = 1;
				LastSwiftUpdateCheck = 1540;
				LastUpgradeCheck = 1600;
				TargetAttributes = {
					B054DC5C2C42F5DA00C98088 = {
						CreatedOnToolsVersion = 15.4;
					};
					B054DC6C2C42F5DB00C98088 = {
						CreatedOnToolsVersion = 15.4;
						TestTargetID = B054DC5C2C42F5DA00C98088;
					};
					B054DC762C42F5DB00C98088 = {
						CreatedOnToolsVersion = 15.4;
						TestTargetID = B054DC5C2C42F5DA00C98088;
					};
				};
			};
			buildConfigurationList = B054DC582C42F5DA00C98088 /* Build configuration list for PBXProject "loc" */;
			compatibilityVersion = "Xcode 14.0";
			developmentRegion = en;
			hasScannedForEncodings = 0;
			knownRegions = (
				en,
				Base,
			);
			mainGroup = B054DC542C42F5DA00C98088;
			packageReferences = (
				B054DC8A2C42F95A00C98088 /* XCRemoteSwiftPackageReference "ios-maps-sdk" */,
				B061F1DC2C5290EF00042CB0 /* XCRemoteSwiftPackageReference "ios-places-sdk" */,
				B0384E812CE2D19A00FC72F7 /* XCRemoteSwiftPackageReference "firebase-ios-sdk" */,
				B0A819162CEA5F970041416F /* XCRemoteSwiftPackageReference "GoogleSignIn-iOS" */,
				B03AE5BE2D54785B00B986B1 /* XCRemoteSwiftPackageReference "search-ios" */,
				B03AE5C32D5478A000B986B1 /* XCRemoteSwiftPackageReference "mapbox-maps-ios" */,
			);
			productRefGroup = B054DC5E2C42F5DA00C98088 /* Products */;
			projectDirPath = "";
			projectRoot = "";
			targets = (
				B054DC5C2C42F5DA00C98088 /* loc */,
				B054DC6C2C42F5DB00C98088 /* locTests */,
				B054DC762C42F5DB00C98088 /* locUITests */,
			);
		};
/* End PBXProject section */

/* Begin PBXResourcesBuildPhase section */
		B054DC5B2C42F5DA00C98088 /* Resources */ = {
			isa = PBXResourcesBuildPhase;
			buildActionMask = 2147483647;
			files = (
				B054DC682C42F5DB00C98088 /* Preview Assets.xcassets in Resources */,
				B054DC652C42F5DB00C98088 /* Assets.xcassets in Resources */,
				B0A819152CEA5F2A0041416F /* GoogleService-Info.plist in Resources */,
			);
			runOnlyForDeploymentPostprocessing = 0;
		};
		B054DC6B2C42F5DB00C98088 /* Resources */ = {
			isa = PBXResourcesBuildPhase;
			buildActionMask = 2147483647;
			files = (
			);
			runOnlyForDeploymentPostprocessing = 0;
		};
		B054DC752C42F5DB00C98088 /* Resources */ = {
			isa = PBXResourcesBuildPhase;
			buildActionMask = 2147483647;
			files = (
			);
			runOnlyForDeploymentPostprocessing = 0;
		};
/* End PBXResourcesBuildPhase section */

/* Begin PBXSourcesBuildPhase section */
		B054DC592C42F5DA00C98088 /* Sources */ = {
			isa = PBXSourcesBuildPhase;
			buildActionMask = 2147483647;
			files = (
				B054DC612C42F5DA00C98088 /* locApp.swift in Sources */,
			);
			runOnlyForDeploymentPostprocessing = 0;
		};
		B054DC692C42F5DB00C98088 /* Sources */ = {
			isa = PBXSourcesBuildPhase;
			buildActionMask = 2147483647;
			files = (
				B054DC722C42F5DB00C98088 /* locTests.swift in Sources */,
			);
			runOnlyForDeploymentPostprocessing = 0;
		};
		B054DC732C42F5DB00C98088 /* Sources */ = {
			isa = PBXSourcesBuildPhase;
			buildActionMask = 2147483647;
			files = (
				B054DC7C2C42F5DB00C98088 /* locUITests.swift in Sources */,
				B054DC7E2C42F5DB00C98088 /* locUITestsLaunchTests.swift in Sources */,
			);
			runOnlyForDeploymentPostprocessing = 0;
		};
/* End PBXSourcesBuildPhase section */

/* Begin PBXTargetDependency section */
		B054DC6F2C42F5DB00C98088 /* PBXTargetDependency */ = {
			isa = PBXTargetDependency;
			target = B054DC5C2C42F5DA00C98088 /* loc */;
			targetProxy = B054DC6E2C42F5DB00C98088 /* PBXContainerItemProxy */;
		};
		B054DC792C42F5DB00C98088 /* PBXTargetDependency */ = {
			isa = PBXTargetDependency;
			target = B054DC5C2C42F5DA00C98088 /* loc */;
			targetProxy = B054DC782C42F5DB00C98088 /* PBXContainerItemProxy */;
		};
/* End PBXTargetDependency section */

/* Begin XCBuildConfiguration section */
		B054DC7F2C42F5DB00C98088 /* Debug */ = {
			isa = XCBuildConfiguration;
			buildSettings = {
				ALWAYS_SEARCH_USER_PATHS = NO;
				ASSETCATALOG_COMPILER_GENERATE_SWIFT_ASSET_SYMBOL_EXTENSIONS = YES;
				CLANG_ANALYZER_NONNULL = YES;
				CLANG_ANALYZER_NUMBER_OBJECT_CONVERSION = YES_AGGRESSIVE;
				CLANG_CXX_LANGUAGE_STANDARD = "gnu++20";
				CLANG_ENABLE_MODULES = YES;
				CLANG_ENABLE_OBJC_ARC = YES;
				CLANG_ENABLE_OBJC_WEAK = YES;
				CLANG_WARN_BLOCK_CAPTURE_AUTORELEASING = YES;
				CLANG_WARN_BOOL_CONVERSION = YES;
				CLANG_WARN_COMMA = YES;
				CLANG_WARN_CONSTANT_CONVERSION = YES;
				CLANG_WARN_DEPRECATED_OBJC_IMPLEMENTATIONS = YES;
				CLANG_WARN_DIRECT_OBJC_ISA_USAGE = YES_ERROR;
				CLANG_WARN_DOCUMENTATION_COMMENTS = YES;
				CLANG_WARN_EMPTY_BODY = YES;
				CLANG_WARN_ENUM_CONVERSION = YES;
				CLANG_WARN_INFINITE_RECURSION = YES;
				CLANG_WARN_INT_CONVERSION = YES;
				CLANG_WARN_NON_LITERAL_NULL_CONVERSION = YES;
				CLANG_WARN_OBJC_IMPLICIT_RETAIN_SELF = YES;
				CLANG_WARN_OBJC_LITERAL_CONVERSION = YES;
				CLANG_WARN_OBJC_ROOT_CLASS = YES_ERROR;
				CLANG_WARN_QUOTED_INCLUDE_IN_FRAMEWORK_HEADER = YES;
				CLANG_WARN_RANGE_LOOP_ANALYSIS = YES;
				CLANG_WARN_STRICT_PROTOTYPES = YES;
				CLANG_WARN_SUSPICIOUS_MOVE = YES;
				CLANG_WARN_UNGUARDED_AVAILABILITY = YES_AGGRESSIVE;
				CLANG_WARN_UNREACHABLE_CODE = YES;
				CLANG_WARN__DUPLICATE_METHOD_MATCH = YES;
				COPY_PHASE_STRIP = NO;
				DEBUG_INFORMATION_FORMAT = dwarf;
				ENABLE_STRICT_OBJC_MSGSEND = YES;
				ENABLE_TESTABILITY = YES;
				ENABLE_USER_SCRIPT_SANDBOXING = YES;
				GCC_C_LANGUAGE_STANDARD = gnu17;
				GCC_DYNAMIC_NO_PIC = NO;
				GCC_NO_COMMON_BLOCKS = YES;
				GCC_OPTIMIZATION_LEVEL = 0;
				GCC_PREPROCESSOR_DEFINITIONS = (
					"DEBUG=1",
					"$(inherited)",
				);
				GCC_WARN_64_TO_32_BIT_CONVERSION = YES;
				GCC_WARN_ABOUT_RETURN_TYPE = YES_ERROR;
				GCC_WARN_UNDECLARED_SELECTOR = YES;
				GCC_WARN_UNINITIALIZED_AUTOS = YES_AGGRESSIVE;
				GCC_WARN_UNUSED_FUNCTION = YES;
				GCC_WARN_UNUSED_VARIABLE = YES;
				IPHONEOS_DEPLOYMENT_TARGET = 17.5;
				LOCALIZATION_PREFERS_STRING_CATALOGS = YES;
				MTL_ENABLE_DEBUG_INFO = INCLUDE_SOURCE;
				MTL_FAST_MATH = YES;
				ONLY_ACTIVE_ARCH = YES;
				SDKROOT = iphoneos;
				SWIFT_ACTIVE_COMPILATION_CONDITIONS = "DEBUG $(inherited)";
				SWIFT_OPTIMIZATION_LEVEL = "-Onone";
			};
			name = Debug;
		};
		B054DC802C42F5DB00C98088 /* Release */ = {
			isa = XCBuildConfiguration;
			buildSettings = {
				ALWAYS_SEARCH_USER_PATHS = NO;
				ASSETCATALOG_COMPILER_GENERATE_SWIFT_ASSET_SYMBOL_EXTENSIONS = YES;
				CLANG_ANALYZER_NONNULL = YES;
				CLANG_ANALYZER_NUMBER_OBJECT_CONVERSION = YES_AGGRESSIVE;
				CLANG_CXX_LANGUAGE_STANDARD = "gnu++20";
				CLANG_ENABLE_MODULES = YES;
				CLANG_ENABLE_OBJC_ARC = YES;
				CLANG_ENABLE_OBJC_WEAK = YES;
				CLANG_WARN_BLOCK_CAPTURE_AUTORELEASING = YES;
				CLANG_WARN_BOOL_CONVERSION = YES;
				CLANG_WARN_COMMA = YES;
				CLANG_WARN_CONSTANT_CONVERSION = YES;
				CLANG_WARN_DEPRECATED_OBJC_IMPLEMENTATIONS = YES;
				CLANG_WARN_DIRECT_OBJC_ISA_USAGE = YES_ERROR;
				CLANG_WARN_DOCUMENTATION_COMMENTS = YES;
				CLANG_WARN_EMPTY_BODY = YES;
				CLANG_WARN_ENUM_CONVERSION = YES;
				CLANG_WARN_INFINITE_RECURSION = YES;
				CLANG_WARN_INT_CONVERSION = YES;
				CLANG_WARN_NON_LITERAL_NULL_CONVERSION = YES;
				CLANG_WARN_OBJC_IMPLICIT_RETAIN_SELF = YES;
				CLANG_WARN_OBJC_LITERAL_CONVERSION = YES;
				CLANG_WARN_OBJC_ROOT_CLASS = YES_ERROR;
				CLANG_WARN_QUOTED_INCLUDE_IN_FRAMEWORK_HEADER = YES;
				CLANG_WARN_RANGE_LOOP_ANALYSIS = YES;
				CLANG_WARN_STRICT_PROTOTYPES = YES;
				CLANG_WARN_SUSPICIOUS_MOVE = YES;
				CLANG_WARN_UNGUARDED_AVAILABILITY = YES_AGGRESSIVE;
				CLANG_WARN_UNREACHABLE_CODE = YES;
				CLANG_WARN__DUPLICATE_METHOD_MATCH = YES;
				COPY_PHASE_STRIP = NO;
				DEBUG_INFORMATION_FORMAT = "dwarf-with-dsym";
				ENABLE_NS_ASSERTIONS = NO;
				ENABLE_STRICT_OBJC_MSGSEND = YES;
				ENABLE_USER_SCRIPT_SANDBOXING = YES;
				GCC_C_LANGUAGE_STANDARD = gnu17;
				GCC_NO_COMMON_BLOCKS = YES;
				GCC_WARN_64_TO_32_BIT_CONVERSION = YES;
				GCC_WARN_ABOUT_RETURN_TYPE = YES_ERROR;
				GCC_WARN_UNDECLARED_SELECTOR = YES;
				GCC_WARN_UNINITIALIZED_AUTOS = YES_AGGRESSIVE;
				GCC_WARN_UNUSED_FUNCTION = YES;
				GCC_WARN_UNUSED_VARIABLE = YES;
				IPHONEOS_DEPLOYMENT_TARGET = 17.5;
				LOCALIZATION_PREFERS_STRING_CATALOGS = YES;
				MTL_ENABLE_DEBUG_INFO = NO;
				MTL_FAST_MATH = YES;
				SDKROOT = iphoneos;
				SWIFT_COMPILATION_MODE = wholemodule;
				VALIDATE_PRODUCT = YES;
			};
			name = Release;
		};
		B054DC822C42F5DB00C98088 /* Debug */ = {
			isa = XCBuildConfiguration;
			buildSettings = {
				ASSETCATALOG_COMPILER_APPICON_NAME = AppIcon;
				ASSETCATALOG_COMPILER_GLOBAL_ACCENT_COLOR_NAME = AccentColor;
				CODE_SIGN_IDENTITY = "Apple Development";
				"CODE_SIGN_IDENTITY[sdk=iphoneos*]" = "iPhone Developer";
				CODE_SIGN_STYLE = Manual;
				CURRENT_PROJECT_VERSION = 1;
				DEVELOPMENT_ASSET_PATHS = "\"loc/Preview Content\"";
				DEVELOPMENT_TEAM = "";
				"DEVELOPMENT_TEAM[sdk=iphoneos*]" = 585YK2F2H6;
				ENABLE_PREVIEWS = YES;
				GENERATE_INFOPLIST_FILE = YES;
				INFOPLIST_FILE = loc/Info.plist;
				INFOPLIST_KEY_CFBundleDisplayName = Mesa;
				INFOPLIST_KEY_NSLocationAlwaysUsageDescription = "Access your location in the background";
				INFOPLIST_KEY_NSLocationWhenInUseUsageDescription = "Show your location on the map";
				INFOPLIST_KEY_UIApplicationSceneManifest_Generation = YES;
				INFOPLIST_KEY_UIApplicationSupportsIndirectInputEvents = YES;
				INFOPLIST_KEY_UILaunchScreen_Generation = YES;
				INFOPLIST_KEY_UISupportedInterfaceOrientations_iPad = "UIInterfaceOrientationPortrait UIInterfaceOrientationPortraitUpsideDown UIInterfaceOrientationLandscapeLeft UIInterfaceOrientationLandscapeRight";
				INFOPLIST_KEY_UISupportedInterfaceOrientations_iPhone = "UIInterfaceOrientationPortrait UIInterfaceOrientationLandscapeLeft UIInterfaceOrientationLandscapeRight";
				LD_RUNPATH_SEARCH_PATHS = (
					"$(inherited)",
					"@executable_path/Frameworks",
				);
				MARKETING_VERSION = 1.0;
				PRODUCT_BUNDLE_IDENTIFIER = drewharts.locc;
				PRODUCT_NAME = "$(TARGET_NAME)";
				PROVISIONING_PROFILE_SPECIFIER = "";
				"PROVISIONING_PROFILE_SPECIFIER[sdk=iphoneos*]" = Locc;
				SWIFT_EMIT_LOC_STRINGS = YES;
				SWIFT_VERSION = 5.0;
				TARGETED_DEVICE_FAMILY = "1,2";
			};
			name = Debug;
		};
		B054DC832C42F5DB00C98088 /* Release */ = {
			isa = XCBuildConfiguration;
			buildSettings = {
				ASSETCATALOG_COMPILER_APPICON_NAME = AppIcon;
				ASSETCATALOG_COMPILER_GLOBAL_ACCENT_COLOR_NAME = AccentColor;
				CODE_SIGN_IDENTITY = "Apple Development";
				"CODE_SIGN_IDENTITY[sdk=iphoneos*]" = "iPhone Developer";
				CODE_SIGN_STYLE = Manual;
				CURRENT_PROJECT_VERSION = 1;
				DEVELOPMENT_ASSET_PATHS = "\"loc/Preview Content\"";
				DEVELOPMENT_TEAM = "";
				"DEVELOPMENT_TEAM[sdk=iphoneos*]" = 585YK2F2H6;
				ENABLE_PREVIEWS = YES;
				GENERATE_INFOPLIST_FILE = YES;
				INFOPLIST_FILE = loc/Info.plist;
				INFOPLIST_KEY_CFBundleDisplayName = Mesa;
				INFOPLIST_KEY_NSLocationAlwaysUsageDescription = "Access your location in the background";
				INFOPLIST_KEY_NSLocationWhenInUseUsageDescription = "Show your location on the map";
				INFOPLIST_KEY_UIApplicationSceneManifest_Generation = YES;
				INFOPLIST_KEY_UIApplicationSupportsIndirectInputEvents = YES;
				INFOPLIST_KEY_UILaunchScreen_Generation = YES;
				INFOPLIST_KEY_UISupportedInterfaceOrientations_iPad = "UIInterfaceOrientationPortrait UIInterfaceOrientationPortraitUpsideDown UIInterfaceOrientationLandscapeLeft UIInterfaceOrientationLandscapeRight";
				INFOPLIST_KEY_UISupportedInterfaceOrientations_iPhone = "UIInterfaceOrientationPortrait UIInterfaceOrientationLandscapeLeft UIInterfaceOrientationLandscapeRight";
				LD_RUNPATH_SEARCH_PATHS = (
					"$(inherited)",
					"@executable_path/Frameworks",
				);
				MARKETING_VERSION = 1.0;
				PRODUCT_BUNDLE_IDENTIFIER = drewharts.locc;
				PRODUCT_NAME = "$(TARGET_NAME)";
				PROVISIONING_PROFILE_SPECIFIER = "";
				"PROVISIONING_PROFILE_SPECIFIER[sdk=iphoneos*]" = Locc;
				SWIFT_EMIT_LOC_STRINGS = YES;
				SWIFT_VERSION = 5.0;
				TARGETED_DEVICE_FAMILY = "1,2";
			};
			name = Release;
		};
		B054DC852C42F5DB00C98088 /* Debug */ = {
			isa = XCBuildConfiguration;
			buildSettings = {
				BUNDLE_LOADER = "$(TEST_HOST)";
				CODE_SIGN_STYLE = Automatic;
				CURRENT_PROJECT_VERSION = 1;
				DEVELOPMENT_TEAM = 585YK2F2H6;
				GENERATE_INFOPLIST_FILE = YES;
				IPHONEOS_DEPLOYMENT_TARGET = 17.5;
				MARKETING_VERSION = 1.0;
				PRODUCT_BUNDLE_IDENTIFIER = drewharts.locTests;
				PRODUCT_NAME = "$(TARGET_NAME)";
				SWIFT_EMIT_LOC_STRINGS = NO;
				SWIFT_VERSION = 5.0;
				TARGETED_DEVICE_FAMILY = "1,2";
				TEST_HOST = "$(BUILT_PRODUCTS_DIR)/loc.app/$(BUNDLE_EXECUTABLE_FOLDER_PATH)/loc";
			};
			name = Debug;
		};
		B054DC862C42F5DB00C98088 /* Release */ = {
			isa = XCBuildConfiguration;
			buildSettings = {
				BUNDLE_LOADER = "$(TEST_HOST)";
				CODE_SIGN_STYLE = Automatic;
				CURRENT_PROJECT_VERSION = 1;
				DEVELOPMENT_TEAM = 585YK2F2H6;
				GENERATE_INFOPLIST_FILE = YES;
				IPHONEOS_DEPLOYMENT_TARGET = 17.5;
				MARKETING_VERSION = 1.0;
				PRODUCT_BUNDLE_IDENTIFIER = drewharts.locTests;
				PRODUCT_NAME = "$(TARGET_NAME)";
				SWIFT_EMIT_LOC_STRINGS = NO;
				SWIFT_VERSION = 5.0;
				TARGETED_DEVICE_FAMILY = "1,2";
				TEST_HOST = "$(BUILT_PRODUCTS_DIR)/loc.app/$(BUNDLE_EXECUTABLE_FOLDER_PATH)/loc";
			};
			name = Release;
		};
		B054DC882C42F5DB00C98088 /* Debug */ = {
			isa = XCBuildConfiguration;
			buildSettings = {
				"CODE_SIGN_IDENTITY[sdk=macosx*]" = "Apple Development";
				CODE_SIGN_STYLE = Automatic;
				CURRENT_PROJECT_VERSION = 1;
				DEVELOPMENT_TEAM = 585YK2F2H6;
				GENERATE_INFOPLIST_FILE = YES;
				MARKETING_VERSION = 1.0;
				PRODUCT_BUNDLE_IDENTIFIER = drewharts.locUITests;
				PRODUCT_NAME = "$(TARGET_NAME)";
				SWIFT_EMIT_LOC_STRINGS = NO;
				SWIFT_VERSION = 5.0;
				TARGETED_DEVICE_FAMILY = "1,2";
				TEST_TARGET_NAME = loc;
			};
			name = Debug;
		};
		B054DC892C42F5DB00C98088 /* Release */ = {
			isa = XCBuildConfiguration;
			buildSettings = {
				"CODE_SIGN_IDENTITY[sdk=macosx*]" = "Apple Development";
				CODE_SIGN_STYLE = Automatic;
				CURRENT_PROJECT_VERSION = 1;
				DEVELOPMENT_TEAM = 585YK2F2H6;
				GENERATE_INFOPLIST_FILE = YES;
				MARKETING_VERSION = 1.0;
				PRODUCT_BUNDLE_IDENTIFIER = drewharts.locUITests;
				PRODUCT_NAME = "$(TARGET_NAME)";
				SWIFT_EMIT_LOC_STRINGS = NO;
				SWIFT_VERSION = 5.0;
				TARGETED_DEVICE_FAMILY = "1,2";
				TEST_TARGET_NAME = loc;
			};
			name = Release;
		};
/* End XCBuildConfiguration section */

/* Begin XCConfigurationList section */
		B054DC582C42F5DA00C98088 /* Build configuration list for PBXProject "loc" */ = {
			isa = XCConfigurationList;
			buildConfigurations = (
				B054DC7F2C42F5DB00C98088 /* Debug */,
				B054DC802C42F5DB00C98088 /* Release */,
			);
			defaultConfigurationIsVisible = 0;
			defaultConfigurationName = Release;
		};
		B054DC812C42F5DB00C98088 /* Build configuration list for PBXNativeTarget "loc" */ = {
			isa = XCConfigurationList;
			buildConfigurations = (
				B054DC822C42F5DB00C98088 /* Debug */,
				B054DC832C42F5DB00C98088 /* Release */,
			);
			defaultConfigurationIsVisible = 0;
			defaultConfigurationName = Release;
		};
		B054DC842C42F5DB00C98088 /* Build configuration list for PBXNativeTarget "locTests" */ = {
			isa = XCConfigurationList;
			buildConfigurations = (
				B054DC852C42F5DB00C98088 /* Debug */,
				B054DC862C42F5DB00C98088 /* Release */,
			);
			defaultConfigurationIsVisible = 0;
			defaultConfigurationName = Release;
		};
		B054DC872C42F5DB00C98088 /* Build configuration list for PBXNativeTarget "locUITests" */ = {
			isa = XCConfigurationList;
			buildConfigurations = (
				B054DC882C42F5DB00C98088 /* Debug */,
				B054DC892C42F5DB00C98088 /* Release */,
			);
			defaultConfigurationIsVisible = 0;
			defaultConfigurationName = Release;
		};
/* End XCConfigurationList section */

/* Begin XCRemoteSwiftPackageReference section */
		B0384E812CE2D19A00FC72F7 /* XCRemoteSwiftPackageReference "firebase-ios-sdk" */ = {
			isa = XCRemoteSwiftPackageReference;
			repositoryURL = "https://github.com/firebase/firebase-ios-sdk";
			requirement = {
				kind = upToNextMajorVersion;
				minimumVersion = 11.4.0;
			};
		};
		B03AE5BE2D54785B00B986B1 /* XCRemoteSwiftPackageReference "search-ios" */ = {
			isa = XCRemoteSwiftPackageReference;
			repositoryURL = "https://github.com/mapbox/search-ios.git";
			requirement = {
				kind = exactVersion;
				version = "2.8.0-rc.2";
			};
		};
		B03AE5C32D5478A000B986B1 /* XCRemoteSwiftPackageReference "mapbox-maps-ios" */ = {
			isa = XCRemoteSwiftPackageReference;
			repositoryURL = "https://github.com/mapbox/mapbox-maps-ios.git";
			requirement = {
				kind = exactVersion;
				version = "11.10.0-rc.1";
			};
		};
		B054DC8A2C42F95A00C98088 /* XCRemoteSwiftPackageReference "ios-maps-sdk" */ = {
			isa = XCRemoteSwiftPackageReference;
			repositoryURL = "https://github.com/googlemaps/ios-maps-sdk";
			requirement = {
				kind = upToNextMajorVersion;
				minimumVersion = 9.0.0;
			};
		};
		B061F1DC2C5290EF00042CB0 /* XCRemoteSwiftPackageReference "ios-places-sdk" */ = {
			isa = XCRemoteSwiftPackageReference;
			repositoryURL = "https://github.com/googlemaps/ios-places-sdk";
			requirement = {
				kind = upToNextMajorVersion;
				minimumVersion = 9.0.0;
			};
		};
		B0A819162CEA5F970041416F /* XCRemoteSwiftPackageReference "GoogleSignIn-iOS" */ = {
			isa = XCRemoteSwiftPackageReference;
			repositoryURL = "https://github.com/google/GoogleSignIn-iOS";
			requirement = {
				kind = upToNextMajorVersion;
				minimumVersion = 8.0.0;
			};
		};
/* End XCRemoteSwiftPackageReference section */

/* Begin XCSwiftPackageProductDependency section */
		B0384E822CE2D19A00FC72F7 /* FirebaseAnalytics */ = {
			isa = XCSwiftPackageProductDependency;
			package = B0384E812CE2D19A00FC72F7 /* XCRemoteSwiftPackageReference "firebase-ios-sdk" */;
			productName = FirebaseAnalytics;
		};
		B0384E842CE2D19A00FC72F7 /* FirebaseAnalyticsOnDeviceConversion */ = {
			isa = XCSwiftPackageProductDependency;
			package = B0384E812CE2D19A00FC72F7 /* XCRemoteSwiftPackageReference "firebase-ios-sdk" */;
			productName = FirebaseAnalyticsOnDeviceConversion;
		};
		B0384E862CE2D19A00FC72F7 /* FirebaseAnalyticsWithoutAdIdSupport */ = {
			isa = XCSwiftPackageProductDependency;
			package = B0384E812CE2D19A00FC72F7 /* XCRemoteSwiftPackageReference "firebase-ios-sdk" */;
			productName = FirebaseAnalyticsWithoutAdIdSupport;
		};
		B0384E882CE2D19A00FC72F7 /* FirebaseAppCheck */ = {
			isa = XCSwiftPackageProductDependency;
			package = B0384E812CE2D19A00FC72F7 /* XCRemoteSwiftPackageReference "firebase-ios-sdk" */;
			productName = FirebaseAppCheck;
		};
		B0384E8A2CE2D19A00FC72F7 /* FirebaseAppDistribution-Beta */ = {
			isa = XCSwiftPackageProductDependency;
			package = B0384E812CE2D19A00FC72F7 /* XCRemoteSwiftPackageReference "firebase-ios-sdk" */;
			productName = "FirebaseAppDistribution-Beta";
		};
		B0384E8E2CE2D54200FC72F7 /* FirebaseAuth */ = {
			isa = XCSwiftPackageProductDependency;
			package = B0384E812CE2D19A00FC72F7 /* XCRemoteSwiftPackageReference "firebase-ios-sdk" */;
			productName = FirebaseAuth;
		};
		B03AE5BF2D54785B00B986B1 /* MapboxSearch */ = {
			isa = XCSwiftPackageProductDependency;
			package = B03AE5BE2D54785B00B986B1 /* XCRemoteSwiftPackageReference "search-ios" */;
			productName = MapboxSearch;
		};
		B03AE5C12D54785B00B986B1 /* MapboxSearchUI */ = {
			isa = XCSwiftPackageProductDependency;
			package = B03AE5BE2D54785B00B986B1 /* XCRemoteSwiftPackageReference "search-ios" */;
			productName = MapboxSearchUI;
		};
		B03AE5C42D5478A000B986B1 /* MapboxMaps */ = {
			isa = XCSwiftPackageProductDependency;
			package = B03AE5C32D5478A000B986B1 /* XCRemoteSwiftPackageReference "mapbox-maps-ios" */;
			productName = MapboxMaps;
		};
		B054DC8F2C4301FB00C98088 /* GoogleMaps */ = {
			isa = XCSwiftPackageProductDependency;
			package = B054DC8A2C42F95A00C98088 /* XCRemoteSwiftPackageReference "ios-maps-sdk" */;
			productName = GoogleMaps;
		};
		B061F1DD2C5815FA00042CB0 /* GooglePlaces */ = {
			isa = XCSwiftPackageProductDependency;
			package = B061F1DC2C5290EF00042CB0 /* XCRemoteSwiftPackageReference "ios-places-sdk" */;
			productName = GooglePlaces;
		};
		B0A819172CEA5F970041416F /* GoogleSignIn */ = {
			isa = XCSwiftPackageProductDependency;
			package = B0A819162CEA5F970041416F /* XCRemoteSwiftPackageReference "GoogleSignIn-iOS" */;
			productName = GoogleSignIn;
		};
		B0A819192CEA5F970041416F /* GoogleSignInSwift */ = {
			isa = XCSwiftPackageProductDependency;
			package = B0A819162CEA5F970041416F /* XCRemoteSwiftPackageReference "GoogleSignIn-iOS" */;
			productName = GoogleSignInSwift;
		};
		B0E659852D37436000F8527E /* FirebaseStorage */ = {
			isa = XCSwiftPackageProductDependency;
			productName = FirebaseStorage;
		};
		B0EDE3EF2CF7980100F33939 /* FirebaseFirestore */ = {
			isa = XCSwiftPackageProductDependency;
			productName = FirebaseFirestore;
		};
		B0EDE3F12CF7985900F33939 /* FirebaseFirestore */ = {
			isa = XCSwiftPackageProductDependency;
			productName = FirebaseFirestore;
		};
/* End XCSwiftPackageProductDependency section */
	};
	rootObject = B054DC552C42F5DA00C98088 /* Project object */;
}
